{
  "nodes": {
    "nixpkgs": {
      "locked": {
        "lastModified": 0,
        "narHash": "sha256-GFzPxJzTd1rPIVD4IW+GwJlyGwBDV1Tj5FLYwDQQ9sM=",
        "path": "/nix/store/50yickar04m51aqnc43gxf45g2i0n3k9-source",
        "type": "path"
      },
      "original": {
        "id": "nixpkgs",
        "type": "indirect"
      }
    },
    "root": {
      "inputs": {
        "nixpkgs": "nixpkgs"
      }
    }
  },
  "root": "root",
  "version": 7
}
